
Microsoft Visual Studio Solution File, Format Version 12.00
Project("{FAE04EC0-301F-11D3-BF4B-00C04F79EFBC}") = "BudgetApp", "BudgetApp.csproj", "{2373C844-6BB4-4D1D-9CDA-2A139ABAD475}"
EndProject
Global
	GlobalSection(SolutionConfigurationPlatforms) = preSolution
		Debug|Any CPU = Debug|Any CPU
		Release|Any CPU = Release|Any CPU
	EndGlobalSection
	GlobalSection(ProjectConfigurationPlatforms) = postSolution
		{2373C844-6BB4-4D1D-9CDA-2A139ABAD475}.Debug|Any CPU.ActiveCfg = Debug|Any CPU
		{2373C844-6BB4-4D1D-9CDA-2A139ABAD475}.Debug|Any CPU.Build.0 = Debug|Any CPU
		{2373C844-6BB4-4D1D-9CDA-2A139ABAD475}.Release|Any CPU.ActiveCfg = Release|Any CPU
		{2373C844-6BB4-4D1D-9CDA-2A139ABAD475}.Release|Any CPU.Build.0 = Release|Any CPU
	EndGlobalSection
EndGlobal
